// !$*UTF8*$!
{
	archiveVersion = 1;
	classes = {
	};
	objectVersion = 46;
	objects = {

/* Begin PBXBuildFile section */
		18B76F351F0B07D200845717 /* AppDelegate.swift in Sources */ = {isa = PBXBuildFile; fileRef = 18B76F341F0B07D200845717 /* AppDelegate.swift */; };
		18B76F371F0B07D200845717 /* ViewController.swift in Sources */ = {isa = PBXBuildFile; fileRef = 18B76F361F0B07D200845717 /* ViewController.swift */; };
		18B76F3A1F0B07D200845717 /* Main.storyboard in Resources */ = {isa = PBXBuildFile; fileRef = 18B76F381F0B07D200845717 /* Main.storyboard */; };
		18B76F3C1F0B07D200845717 /* Assets.xcassets in Resources */ = {isa = PBXBuildFile; fileRef = 18B76F3B1F0B07D200845717 /* Assets.xcassets */; };
		18B76F3F1F0B07D200845717 /* LaunchScreen.storyboard in Resources */ = {isa = PBXBuildFile; fileRef = 18B76F3D1F0B07D200845717 /* LaunchScreen.storyboard */; };
		18C2787E1F0D4EA000C7A312 /* HomeScreenViewController.swift in Sources */ = {isa = PBXBuildFile; fileRef = 18C2787D1F0D4EA000C7A312 /* HomeScreenViewController.swift */; };
		18C278841F0D55FD00C7A312 /* HomeScreenTableViewCell.swift in Sources */ = {isa = PBXBuildFile; fileRef = 18C278831F0D55FD00C7A312 /* HomeScreenTableViewCell.swift */; };
		18C278871F0D626400C7A312 /* CoreData.framework in Frameworks */ = {isa = PBXBuildFile; fileRef = 18C278861F0D626400C7A312 /* CoreData.framework */; };
		18C2788A1F0D644D00C7A312 /* Model.xcdatamodeld in Sources */ = {isa = PBXBuildFile; fileRef = 18C278881F0D644D00C7A312 /* Model.xcdatamodeld */; };
		18C278901F0D917700C7A312 /* DatePickerViewController.swift in Sources */ = {isa = PBXBuildFile; fileRef = 18C2788F1F0D917700C7A312 /* DatePickerViewController.swift */; };
		86EF3374C865A67AECC797A1 /* Pods_FoodExpiration.framework in Frameworks */ = {isa = PBXBuildFile; fileRef = 3DE81977CC91DEDC7E948BF5 /* Pods_FoodExpiration.framework */; };
/* End PBXBuildFile section */

/* Begin PBXFileReference section */
		18B76F311F0B07D200845717 /* FoodExpiration.app */ = {isa = PBXFileReference; explicitFileType = wrapper.application; includeInIndex = 0; path = FoodExpiration.app; sourceTree = BUILT_PRODUCTS_DIR; };
		18B76F341F0B07D200845717 /* AppDelegate.swift */ = {isa = PBXFileReference; lastKnownFileType = sourcecode.swift; path = AppDelegate.swift; sourceTree = "<group>"; };
		18B76F361F0B07D200845717 /* ViewController.swift */ = {isa = PBXFileReference; lastKnownFileType = sourcecode.swift; path = ViewController.swift; sourceTree = "<group>"; };
		18B76F391F0B07D200845717 /* Base */ = {isa = PBXFileReference; lastKnownFileType = file.storyboard; name = Base; path = Base.lproj/Main.storyboard; sourceTree = "<group>"; };
		18B76F3B1F0B07D200845717 /* Assets.xcassets */ = {isa = PBXFileReference; lastKnownFileType = folder.assetcatalog; path = Assets.xcassets; sourceTree = "<group>"; };
		18B76F3E1F0B07D200845717 /* Base */ = {isa = PBXFileReference; lastKnownFileType = file.storyboard; name = Base; path = Base.lproj/LaunchScreen.storyboard; sourceTree = "<group>"; };
		18B76F401F0B07D200845717 /* Info.plist */ = {isa = PBXFileReference; lastKnownFileType = text.plist.xml; path = Info.plist; sourceTree = "<group>"; };
		18C2787D1F0D4EA000C7A312 /* HomeScreenViewController.swift */ = {isa = PBXFileReference; fileEncoding = 4; lastKnownFileType = sourcecode.swift; name = HomeScreenViewController.swift; path = Controllers/HomeScreenViewController.swift; sourceTree = "<group>"; };
		18C278831F0D55FD00C7A312 /* HomeScreenTableViewCell.swift */ = {isa = PBXFileReference; fileEncoding = 4; lastKnownFileType = sourcecode.swift; name = HomeScreenTableViewCell.swift; path = Views/HomeScreenTableViewCell.swift; sourceTree = "<group>"; };
		18C278861F0D626400C7A312 /* CoreData.framework */ = {isa = PBXFileReference; lastKnownFileType = wrapper.framework; name = CoreData.framework; path = System/Library/Frameworks/CoreData.framework; sourceTree = SDKROOT; };
		18C278891F0D644D00C7A312 /* Model.xcdatamodel */ = {isa = PBXFileReference; lastKnownFileType = wrapper.xcdatamodel; path = Model.xcdatamodel; sourceTree = "<group>"; };
		18C2788F1F0D917700C7A312 /* DatePickerViewController.swift */ = {isa = PBXFileReference; fileEncoding = 4; lastKnownFileType = sourcecode.swift; name = DatePickerViewController.swift; path = Controllers/DatePickerViewController.swift; sourceTree = "<group>"; };
		2D422BA4B65A23915E72EA37 /* Pods-FoodExpiration.debug.xcconfig */ = {isa = PBXFileReference; includeInIndex = 1; lastKnownFileType = text.xcconfig; name = "Pods-FoodExpiration.debug.xcconfig"; path = "Pods/Target Support Files/Pods-FoodExpiration/Pods-FoodExpiration.debug.xcconfig"; sourceTree = "<group>"; };
		2E8506F9774082201FAE0AE9 /* Pods-FoodExpiration.release.xcconfig */ = {isa = PBXFileReference; includeInIndex = 1; lastKnownFileType = text.xcconfig; name = "Pods-FoodExpiration.release.xcconfig"; path = "Pods/Target Support Files/Pods-FoodExpiration/Pods-FoodExpiration.release.xcconfig"; sourceTree = "<group>"; };
		3DE81977CC91DEDC7E948BF5 /* Pods_FoodExpiration.framework */ = {isa = PBXFileReference; explicitFileType = wrapper.framework; includeInIndex = 0; path = Pods_FoodExpiration.framework; sourceTree = BUILT_PRODUCTS_DIR; };
/* End PBXFileReference section */

/* Begin PBXFrameworksBuildPhase section */
		18B76F2E1F0B07D200845717 /* Frameworks */ = {
			isa = PBXFrameworksBuildPhase;
			buildActionMask = 2147483647;
			files = (
				18C278871F0D626400C7A312 /* CoreData.framework in Frameworks */,
				86EF3374C865A67AECC797A1 /* Pods_FoodExpiration.framework in Frameworks */,
			);
			runOnlyForDeploymentPostprocessing = 0;
		};
/* End PBXFrameworksBuildPhase section */

/* Begin PBXGroup section */
		01C0E30D3C516450394CC208 /* Pods */ = {
			isa = PBXGroup;
			children = (
				2D422BA4B65A23915E72EA37 /* Pods-FoodExpiration.debug.xcconfig */,
				2E8506F9774082201FAE0AE9 /* Pods-FoodExpiration.release.xcconfig */,
			);
			name = Pods;
			sourceTree = "<group>";
		};
		18B76F281F0B07D200845717 = {
			isa = PBXGroup;
			children = (
				18B76F331F0B07D200845717 /* FoodExpiration */,
				18B76F321F0B07D200845717 /* Products */,
				18C278851F0D626400C7A312 /* Frameworks */,
				01C0E30D3C516450394CC208 /* Pods */,
			);
			sourceTree = "<group>";
		};
		18B76F321F0B07D200845717 /* Products */ = {
			isa = PBXGroup;
			children = (
				18B76F311F0B07D200845717 /* FoodExpiration.app */,
			);
			name = Products;
			sourceTree = "<group>";
		};
		18B76F331F0B07D200845717 /* FoodExpiration */ = {
			isa = PBXGroup;
			children = (
				18B76F341F0B07D200845717 /* AppDelegate.swift */,
				18C278881F0D644D00C7A312 /* Model.xcdatamodeld */,
				18C2788E1F0D8EB600C7A312 /* Storyboards */,
				18B76F3B1F0B07D200845717 /* Assets.xcassets */,
				18C2787F1F0D4EA600C7A312 /* View Controllers */,
				18C2788D1F0D8E9700C7A312 /* Supporting Files */,
				18C278821F0D523C00C7A312 /* Views */,
			);
			path = FoodExpiration;
			sourceTree = "<group>";
		};
		18C2787F1F0D4EA600C7A312 /* View Controllers */ = {
			isa = PBXGroup;
			children = (
				18B76F361F0B07D200845717 /* ViewController.swift */,
				18C2787D1F0D4EA000C7A312 /* HomeScreenViewController.swift */,
				18C2788F1F0D917700C7A312 /* DatePickerViewController.swift */,
			);
			name = "View Controllers";
			sourceTree = "<group>";
		};
		18C278821F0D523C00C7A312 /* Views */ = {
			isa = PBXGroup;
			children = (
				18C278831F0D55FD00C7A312 /* HomeScreenTableViewCell.swift */,
			);
			name = Views;
			sourceTree = "<group>";
		};
		18C278851F0D626400C7A312 /* Frameworks */ = {
			isa = PBXGroup;
			children = (
				18C278861F0D626400C7A312 /* CoreData.framework */,
				3DE81977CC91DEDC7E948BF5 /* Pods_FoodExpiration.framework */,
			);
			name = Frameworks;
			sourceTree = "<group>";
		};
		18C2788D1F0D8E9700C7A312 /* Supporting Files */ = {
			isa = PBXGroup;
			children = (
				18B76F3D1F0B07D200845717 /* LaunchScreen.storyboard */,
				18B76F401F0B07D200845717 /* Info.plist */,
			);
			name = "Supporting Files";
			sourceTree = "<group>";
		};
		18C2788E1F0D8EB600C7A312 /* Storyboards */ = {
			isa = PBXGroup;
			children = (
				18B76F381F0B07D200845717 /* Main.storyboard */,
			);
			name = Storyboards;
			sourceTree = "<group>";
		};
/* End PBXGroup section */

/* Begin PBXNativeTarget section */
		18B76F301F0B07D200845717 /* FoodExpiration */ = {
			isa = PBXNativeTarget;
			buildConfigurationList = 18B76F431F0B07D200845717 /* Build configuration list for PBXNativeTarget "FoodExpiration" */;
			buildPhases = (
				FFFDEA7CEDBEA4F64FF40357 /* [CP] Check Pods Manifest.lock */,
				18B76F2D1F0B07D200845717 /* Sources */,
				18B76F2E1F0B07D200845717 /* Frameworks */,
				18B76F2F1F0B07D200845717 /* Resources */,
				5EA8DE4C91C21413D488D162 /* [CP] Embed Pods Frameworks */,
				05013ABF2BB5E3D54F28396F /* [CP] Copy Pods Resources */,
			);
			buildRules = (
			);
			dependencies = (
			);
			name = FoodExpiration;
			productName = FoodExpiration;
			productReference = 18B76F311F0B07D200845717 /* FoodExpiration.app */;
			productType = "com.apple.product-type.application";
		};
/* End PBXNativeTarget section */

/* Begin PBXProject section */
		18B76F291F0B07D200845717 /* Project object */ = {
			isa = PBXProject;
			attributes = {
				LastSwiftUpdateCheck = 0830;
				LastUpgradeCheck = 0830;
				ORGANIZATIONNAME = "Sylvia+Alan";
				TargetAttributes = {
					18B76F301F0B07D200845717 = {
						CreatedOnToolsVersion = 8.3.3;
						ProvisioningStyle = Automatic;
					};
				};
			};
			buildConfigurationList = 18B76F2C1F0B07D200845717 /* Build configuration list for PBXProject "FoodExpiration" */;
			compatibilityVersion = "Xcode 3.2";
			developmentRegion = English;
			hasScannedForEncodings = 0;
			knownRegions = (
				en,
				Base,
			);
			mainGroup = 18B76F281F0B07D200845717;
			productRefGroup = 18B76F321F0B07D200845717 /* Products */;
			projectDirPath = "";
			projectRoot = "";
			targets = (
				18B76F301F0B07D200845717 /* FoodExpiration */,
			);
		};
/* End PBXProject section */

/* Begin PBXResourcesBuildPhase section */
		18B76F2F1F0B07D200845717 /* Resources */ = {
			isa = PBXResourcesBuildPhase;
			buildActionMask = 2147483647;
			files = (
				18B76F3F1F0B07D200845717 /* LaunchScreen.storyboard in Resources */,
				18B76F3C1F0B07D200845717 /* Assets.xcassets in Resources */,
				18B76F3A1F0B07D200845717 /* Main.storyboard in Resources */,
			);
			runOnlyForDeploymentPostprocessing = 0;
		};
/* End PBXResourcesBuildPhase section */

/* Begin PBXShellScriptBuildPhase section */
		05013ABF2BB5E3D54F28396F /* [CP] Copy Pods Resources */ = {
			isa = PBXShellScriptBuildPhase;
			buildActionMask = 2147483647;
			files = (
			);
			inputPaths = (
			);
			name = "[CP] Copy Pods Resources";
			outputPaths = (
			);
			runOnlyForDeploymentPostprocessing = 0;
			shellPath = /bin/sh;
			shellScript = "\"${SRCROOT}/Pods/Target Support Files/Pods-FoodExpiration/Pods-FoodExpiration-resources.sh\"\n";
			showEnvVarsInLog = 0;
		};
		5EA8DE4C91C21413D488D162 /* [CP] Embed Pods Frameworks */ = {
			isa = PBXShellScriptBuildPhase;
			buildActionMask = 2147483647;
			files = (
			);
			inputPaths = (
			);
			name = "[CP] Embed Pods Frameworks";
			outputPaths = (
			);
			runOnlyForDeploymentPostprocessing = 0;
			shellPath = /bin/sh;
			shellScript = "\"${SRCROOT}/Pods/Target Support Files/Pods-FoodExpiration/Pods-FoodExpiration-frameworks.sh\"\n";
			showEnvVarsInLog = 0;
		};
		FFFDEA7CEDBEA4F64FF40357 /* [CP] Check Pods Manifest.lock */ = {
			isa = PBXShellScriptBuildPhase;
			buildActionMask = 2147483647;
			files = (
			);
			inputPaths = (
			);
			name = "[CP] Check Pods Manifest.lock";
			outputPaths = (
			);
			runOnlyForDeploymentPostprocessing = 0;
			shellPath = /bin/sh;
			shellScript = "diff \"${PODS_PODFILE_DIR_PATH}/Podfile.lock\" \"${PODS_ROOT}/Manifest.lock\" > /dev/null\nif [ $? != 0 ] ; then\n    # print error to STDERR\n    echo \"error: The sandbox is not in sync with the Podfile.lock. Run 'pod install' or update your CocoaPods installation.\" >&2\n    exit 1\nfi\n";
			showEnvVarsInLog = 0;
		};
/* End PBXShellScriptBuildPhase section */

/* Begin PBXSourcesBuildPhase section */
		18B76F2D1F0B07D200845717 /* Sources */ = {
			isa = PBXSourcesBuildPhase;
			buildActionMask = 2147483647;
			files = (
				18C278841F0D55FD00C7A312 /* HomeScreenTableViewCell.swift in Sources */,
				18B76F371F0B07D200845717 /* ViewController.swift in Sources */,
				18C278901F0D917700C7A312 /* DatePickerViewController.swift in Sources */,
				18C2788A1F0D644D00C7A312 /* Model.xcdatamodeld in Sources */,
				18B76F351F0B07D200845717 /* AppDelegate.swift in Sources */,
				18C2787E1F0D4EA000C7A312 /* HomeScreenViewController.swift in Sources */,
			);
			runOnlyForDeploymentPostprocessing = 0;
		};
/* End PBXSourcesBuildPhase section */

/* Begin PBXVariantGroup section */
		18B76F381F0B07D200845717 /* Main.storyboard */ = {
			isa = PBXVariantGroup;
			children = (
				18B76F391F0B07D200845717 /* Base */,
			);
			name = Main.storyboard;
			sourceTree = "<group>";
		};
		18B76F3D1F0B07D200845717 /* LaunchScreen.storyboard */ = {
			isa = PBXVariantGroup;
			children = (
				18B76F3E1F0B07D200845717 /* Base */,
			);
			name = LaunchScreen.storyboard;
			sourceTree = "<group>";
		};
/* End PBXVariantGroup section */

/* Begin XCBuildConfiguration section */
		18B76F411F0B07D200845717 /* Debug */ = {
			isa = XCBuildConfiguration;
			buildSettings = {
				ALWAYS_SEARCH_USER_PATHS = NO;
				CLANG_ANALYZER_NONNULL = YES;
				CLANG_ANALYZER_NUMBER_OBJECT_CONVERSION = YES_AGGRESSIVE;
				CLANG_CXX_LANGUAGE_STANDARD = "gnu++0x";
				CLANG_CXX_LIBRARY = "libc++";
				CLANG_ENABLE_MODULES = YES;
				CLANG_ENABLE_OBJC_ARC = YES;
				CLANG_WARN_BOOL_CONVERSION = YES;
				CLANG_WARN_CONSTANT_CONVERSION = YES;
				CLANG_WARN_DIRECT_OBJC_ISA_USAGE = YES_ERROR;
				CLANG_WARN_DOCUMENTATION_COMMENTS = YES;
				CLANG_WARN_EMPTY_BODY = YES;
				CLANG_WARN_ENUM_CONVERSION = YES;
				CLANG_WARN_INFINITE_RECURSION = YES;
				CLANG_WARN_INT_CONVERSION = YES;
				CLANG_WARN_OBJC_ROOT_CLASS = YES_ERROR;
				CLANG_WARN_SUSPICIOUS_MOVE = YES;
				CLANG_WARN_UNREACHABLE_CODE = YES;
				CLANG_WARN__DUPLICATE_METHOD_MATCH = YES;
				"CODE_SIGN_IDENTITY[sdk=iphoneos*]" = "iPhone Developer";
				COPY_PHASE_STRIP = NO;
				DEBUG_INFORMATION_FORMAT = dwarf;
				ENABLE_STRICT_OBJC_MSGSEND = YES;
				ENABLE_TESTABILITY = YES;
				GCC_C_LANGUAGE_STANDARD = gnu99;
				GCC_DYNAMIC_NO_PIC = NO;
				GCC_NO_COMMON_BLOCKS = YES;
				GCC_OPTIMIZATION_LEVEL = 0;
				GCC_PREPROCESSOR_DEFINITIONS = (
					"DEBUG=1",
					"$(inherited)",
				);
				GCC_WARN_64_TO_32_BIT_CONVERSION = YES;
				GCC_WARN_ABOUT_RETURN_TYPE = YES_ERROR;
				GCC_WARN_UNDECLARED_SELECTOR = YES;
				GCC_WARN_UNINITIALIZED_AUTOS = YES_AGGRESSIVE;
				GCC_WARN_UNUSED_FUNCTION = YES;
				GCC_WARN_UNUSED_VARIABLE = YES;
				IPHONEOS_DEPLOYMENT_TARGET = 10.3;
				MTL_ENABLE_DEBUG_INFO = YES;
				ONLY_ACTIVE_ARCH = YES;
				SDKROOT = iphoneos;
				SWIFT_ACTIVE_COMPILATION_CONDITIONS = DEBUG;
				SWIFT_OPTIMIZATION_LEVEL = "-Onone";
			};
			name = Debug;
		};
		18B76F421F0B07D200845717 /* Release */ = {
			isa = XCBuildConfiguration;
			buildSettings = {
				ALWAYS_SEARCH_USER_PATHS = NO;
				CLANG_ANALYZER_NONNULL = YES;
				CLANG_ANALYZER_NUMBER_OBJECT_CONVERSION = YES_AGGRESSIVE;
				CLANG_CXX_LANGUAGE_STANDARD = "gnu++0x";
				CLANG_CXX_LIBRARY = "libc++";
				CLANG_ENABLE_MODULES = YES;
				CLANG_ENABLE_OBJC_ARC = YES;
				CLANG_WARN_BOOL_CONVERSION = YES;
				CLANG_WARN_CONSTANT_CONVERSION = YES;
				CLANG_WARN_DIRECT_OBJC_ISA_USAGE = YES_ERROR;
				CLANG_WARN_DOCUMENTATION_COMMENTS = YES;
				CLANG_WARN_EMPTY_BODY = YES;
				CLANG_WARN_ENUM_CONVERSION = YES;
				CLANG_WARN_INFINITE_RECURSION = YES;
				CLANG_WARN_INT_CONVERSION = YES;
				CLANG_WARN_OBJC_ROOT_CLASS = YES_ERROR;
				CLANG_WARN_SUSPICIOUS_MOVE = YES;
				CLANG_WARN_UNREACHABLE_CODE = YES;
				CLANG_WARN__DUPLICATE_METHOD_MATCH = YES;
				"CODE_SIGN_IDENTITY[sdk=iphoneos*]" = "iPhone Developer";
				COPY_PHASE_STRIP = NO;
				DEBUG_INFORMATION_FORMAT = "dwarf-with-dsym";
				ENABLE_NS_ASSERTIONS = NO;
				ENABLE_STRICT_OBJC_MSGSEND = YES;
				GCC_C_LANGUAGE_STANDARD = gnu99;
				GCC_NO_COMMON_BLOCKS = YES;
				GCC_WARN_64_TO_32_BIT_CONVERSION = YES;
				GCC_WARN_ABOUT_RETURN_TYPE = YES_ERROR;
				GCC_WARN_UNDECLARED_SELECTOR = YES;
				GCC_WARN_UNINITIALIZED_AUTOS = YES_AGGRESSIVE;
				GCC_WARN_UNUSED_FUNCTION = YES;
				GCC_WARN_UNUSED_VARIABLE = YES;
				IPHONEOS_DEPLOYMENT_TARGET = 10.3;
				MTL_ENABLE_DEBUG_INFO = NO;
				SDKROOT = iphoneos;
				SWIFT_OPTIMIZATION_LEVEL = "-Owholemodule";
				VALIDATE_PRODUCT = YES;
			};
			name = Release;
		};
		18B76F441F0B07D200845717 /* Debug */ = {
			isa = XCBuildConfiguration;
			baseConfigurationReference = 2D422BA4B65A23915E72EA37 /* Pods-FoodExpiration.debug.xcconfig */;
			buildSettings = {
				ASSETCATALOG_COMPILER_APPICON_NAME = AppIcon;
				INFOPLIST_FILE = FoodExpiration/Info.plist;
				LD_RUNPATH_SEARCH_PATHS = "$(inherited) @executable_path/Frameworks";
				PRODUCT_BUNDLE_IDENTIFIER = com.makeschool.FoodExpiration;
				PRODUCT_NAME = "$(TARGET_NAME)";
				SWIFT_VERSION = 3.0;
			};
			name = Debug;
		};
		18B76F451F0B07D200845717 /* Release */ = {
			isa = XCBuildConfiguration;
			baseConfigurationReference = 2E8506F9774082201FAE0AE9 /* Pods-FoodExpiration.release.xcconfig */;
			buildSettings = {
				ASSETCATALOG_COMPILER_APPICON_NAME = AppIcon;
				INFOPLIST_FILE = FoodExpiration/Info.plist;
				LD_RUNPATH_SEARCH_PATHS = "$(inherited) @executable_path/Frameworks";
				PRODUCT_BUNDLE_IDENTIFIER = com.makeschool.FoodExpiration;
				PRODUCT_NAME = "$(TARGET_NAME)";
				SWIFT_VERSION = 3.0;
			};
			name = Release;
		};
/* End XCBuildConfiguration section */

/* Begin XCConfigurationList section */
		18B76F2C1F0B07D200845717 /* Build configuration list for PBXProject "FoodExpiration" */ = {
			isa = XCConfigurationList;
			buildConfigurations = (
				18B76F411F0B07D200845717 /* Debug */,
				18B76F421F0B07D200845717 /* Release */,
			);
			defaultConfigurationIsVisible = 0;
			defaultConfigurationName = Release;
		};
		18B76F431F0B07D200845717 /* Build configuration list for PBXNativeTarget "FoodExpiration" */ = {
			isa = XCConfigurationList;
			buildConfigurations = (
				18B76F441F0B07D200845717 /* Debug */,
				18B76F451F0B07D200845717 /* Release */,
			);
			defaultConfigurationIsVisible = 0;
			defaultConfigurationName = Release;
		};
/* End XCConfigurationList section */

/* Begin XCVersionGroup section */
		18C278881F0D644D00C7A312 /* Model.xcdatamodeld */ = {
			isa = XCVersionGroup;
			children = (
				18C278891F0D644D00C7A312 /* Model.xcdatamodel */,
			);
			currentVersion = 18C278891F0D644D00C7A312 /* Model.xcdatamodel */;
			name = Model.xcdatamodeld;
			path = Models/Model.xcdatamodeld;
			sourceTree = "<group>";
			versionGroupType = wrapper.xcdatamodel;
		};
/* End XCVersionGroup section */
	};
	rootObject = 18B76F291F0B07D200845717 /* Project object */;
}
